PODS:
  - Alamofire (4.4.0)
  - CryptoSwift (0.6.9)
  - EZSwiftExtensions (1.9)
  - GMStepper (2.0.0)
  - IQKeyboardManagerSwift (4.0.9)
  - Moya (8.0.4):
    - Moya/Core (= 8.0.4)
  - Moya/Core (8.0.4):
    - Alamofire (~> 4.1)
    - Result (~> 3.0)
  - Realm (2.7.0):
    - Realm/Headers (= 2.7.0)
  - Realm/Headers (2.7.0)
  - RealmSwift (2.7.0):
    - Realm (= 2.7.0)
  - Result (3.2.2)
  - SendGrid (0.2.3)
  - Stripe (10.1.0)
  - Timepiece (1.2.0)

DEPENDENCIES:
  - Alamofire
  - CryptoSwift
  - EZSwiftExtensions
  - GMStepper
  - IQKeyboardManagerSwift
  - Moya
  - RealmSwift
  - SendGrid (from `https://github.com/scottkawai/sendgrid-swift.git`)
  - Stripe
  - Timepiece

EXTERNAL SOURCES:
  SendGrid:
    :git: https://github.com/scottkawai/sendgrid-swift.git

CHECKOUT OPTIONS:
  SendGrid:
    :commit: fb6ee0e16f56994622c599ad5e990cd4de6d4ea9
    :git: https://github.com/scottkawai/sendgrid-swift.git

SPEC CHECKSUMS:
  Alamofire: dc44b1600b800eb63da6a19039a0083d62a6a62d
  CryptoSwift: a22f6ba238e9ce4d26ee7bf45b9ed82e7122d4a0
  EZSwiftExtensions: ce22bf6fc5c6e7c883fec413300b006e123735d0
  GMStepper: 6aff0c881afac2f432e5c9b0df71e44e14110a06
  IQKeyboardManagerSwift: 2eefe6c429b86aa08bfbc1b5c891164d754adf91
  Moya: a08bc060c7a44eee27447b239ed33a189b641e2b
  Realm: 07e5d3a9e0e41d65fd5f9f05150ed6295d0f093b
  RealmSwift: 6d06425d3900c86473c4f323bf6949b43fca22bc
  Result: 4edd39003fdccf281d418ee1b006571f70123250
  SendGrid: 89495bb00bdeb8a87010c0dc60338c62b87d4311
  Stripe: 1c7aa951a075cced500a919d92b687b35d410705
  Timepiece: d07900e985af4911f09146f1175fdbec37944836

PODFILE CHECKSUM: 8e3173e97764705480bda6181d626aaa56fffc3e

COCOAPODS: 1.2.1
