// !$*UTF8*$!
{
	archiveVersion = 1;
	classes = {
	};
	objectVersion = 46;
	objects = {

/* Begin PBXBuildFile section */
		11021FF61CE68A83003D82FB /* AppDelegate.swift in Sources */ = {isa = PBXBuildFile; fileRef = 11021FF51CE68A83003D82FB /* AppDelegate.swift */; };
		11021FFA1CE68A83003D82FB /* ScheduleTableViewController.swift in Sources */ = {isa = PBXBuildFile; fileRef = 11021FF91CE68A83003D82FB /* ScheduleTableViewController.swift */; };
		11021FFD1CE68A83003D82FB /* Main.storyboard in Resources */ = {isa = PBXBuildFile; fileRef = 11021FFB1CE68A83003D82FB /* Main.storyboard */; };
		11021FFF1CE68A83003D82FB /* Assets.xcassets in Resources */ = {isa = PBXBuildFile; fileRef = 11021FFE1CE68A83003D82FB /* Assets.xcassets */; };
		110220021CE68A83003D82FB /* LaunchScreen.storyboard in Resources */ = {isa = PBXBuildFile; fileRef = 110220001CE68A83003D82FB /* LaunchScreen.storyboard */; };
		1102200D1CE68A83003D82FB /* BringItTests.swift in Sources */ = {isa = PBXBuildFile; fileRef = 1102200C1CE68A83003D82FB /* BringItTests.swift */; };
		110220181CE68A83003D82FB /* BringItUITests.swift in Sources */ = {isa = PBXBuildFile; fileRef = 110220171CE68A83003D82FB /* BringItUITests.swift */; };
		110220331CE7FC18003D82FB /* WalkthroughViewController.swift in Sources */ = {isa = PBXBuildFile; fileRef = 110220321CE7FC18003D82FB /* WalkthroughViewController.swift */; };
		110220351CE83307003D82FB /* PageViewController.swift in Sources */ = {isa = PBXBuildFile; fileRef = 110220341CE83307003D82FB /* PageViewController.swift */; };
		110220371CE83EB7003D82FB /* SignInViewController.swift in Sources */ = {isa = PBXBuildFile; fileRef = 110220361CE83EB7003D82FB /* SignInViewController.swift */; };
		114C9E571CE931BB00C45866 /* SignUpViewController.swift in Sources */ = {isa = PBXBuildFile; fileRef = 114C9E561CE931BB00C45866 /* SignUpViewController.swift */; };
		115ECC351CEA877B0053E03F /* BringItHomeTableViewController.swift in Sources */ = {isa = PBXBuildFile; fileRef = 115ECC341CEA877B0053E03F /* BringItHomeTableViewController.swift */; };
		115ECC381CEAA3460053E03F /* TabBarController.swift in Sources */ = {isa = PBXBuildFile; fileRef = 115ECC371CEAA3460053E03F /* TabBarController.swift */; };
		115ECC3A1CEAAEBB0053E03F /* BringItHomeTableViewCell.swift in Sources */ = {isa = PBXBuildFile; fileRef = 115ECC391CEAAEBB0053E03F /* BringItHomeTableViewCell.swift */; };
		115ECC3E1CEAB72E0053E03F /* RestaurantTableViewController.swift in Sources */ = {isa = PBXBuildFile; fileRef = 115ECC3D1CEAB72E0053E03F /* RestaurantTableViewController.swift */; };
		115ECC401CEABA560053E03F /* MenuTableViewController.swift in Sources */ = {isa = PBXBuildFile; fileRef = 115ECC3F1CEABA560053E03F /* MenuTableViewController.swift */; };
		115ECC431CEABA6F0053E03F /* MenuTableViewCell.swift in Sources */ = {isa = PBXBuildFile; fileRef = 115ECC421CEABA6F0053E03F /* MenuTableViewCell.swift */; };
		1185B9581CF55E1100EBF1CF /* SettingsTableViewController.swift in Sources */ = {isa = PBXBuildFile; fileRef = 1185B9571CF55E1100EBF1CF /* SettingsTableViewController.swift */; };
		11F0A08F1CE949710041CE92 /* AddressInfoViewController.swift in Sources */ = {isa = PBXBuildFile; fileRef = 11F0A08E1CE949710041CE92 /* AddressInfoViewController.swift */; };
		11F0A0911CE949830041CE92 /* PaymentInfoViewController.swift in Sources */ = {isa = PBXBuildFile; fileRef = 11F0A0901CE949830041CE92 /* PaymentInfoViewController.swift */; };
		11F6DE3F1CF693C400662C20 /* AddToOrderViewController.swift in Sources */ = {isa = PBXBuildFile; fileRef = 11F6DE3E1CF693C400662C20 /* AddToOrderViewController.swift */; };
		11F6DE411CF6BD8F00662C20 /* AddToOrderTableViewCell.swift in Sources */ = {isa = PBXBuildFile; fileRef = 11F6DE401CF6BD8F00662C20 /* AddToOrderTableViewCell.swift */; };
		11F6DE441CF6C51600662C20 /* AddToOrderSpecialInstructionsTableViewCell.swift in Sources */ = {isa = PBXBuildFile; fileRef = 11F6DE431CF6C51600662C20 /* AddToOrderSpecialInstructionsTableViewCell.swift */; };
		11F6DE471CF6CF1A00662C20 /* CheckoutViewController.swift in Sources */ = {isa = PBXBuildFile; fileRef = 11F6DE461CF6CF1A00662C20 /* CheckoutViewController.swift */; };
		11F6DE4D1CF9545F00662C20 /* ServicesTableViewController.swift in Sources */ = {isa = PBXBuildFile; fileRef = 11F6DE4C1CF9545F00662C20 /* ServicesTableViewController.swift */; };
		11F6DE4F1CF96B5300662C20 /* ServicesTableViewCell.swift in Sources */ = {isa = PBXBuildFile; fileRef = 11F6DE4E1CF96B5300662C20 /* ServicesTableViewCell.swift */; };
		11F6DE521CFD2F3700662C20 /* CheckoutTableViewCell.swift in Sources */ = {isa = PBXBuildFile; fileRef = 11F6DE511CFD2F3700662C20 /* CheckoutTableViewCell.swift */; };
		2F60BF5113DA47831CD710EA /* Pods_BringItUITests.framework in Frameworks */ = {isa = PBXBuildFile; fileRef = 583B75AAA094A14663C6500A /* Pods_BringItUITests.framework */; };
		545F366974300B6D9693022C /* Pods_BringItTests.framework in Frameworks */ = {isa = PBXBuildFile; fileRef = A9AF76C7A4789AA81A054551 /* Pods_BringItTests.framework */; };
		6F83F2C591CB2CD28EFAFF94 /* Pods_BringIt.framework in Frameworks */ = {isa = PBXBuildFile; fileRef = 3CAE4061D58832B07C4589A3 /* Pods_BringIt.framework */; };
/* End PBXBuildFile section */

/* Begin PBXContainerItemProxy section */
		110220091CE68A83003D82FB /* PBXContainerItemProxy */ = {
			isa = PBXContainerItemProxy;
			containerPortal = 11021FEA1CE68A83003D82FB /* Project object */;
			proxyType = 1;
			remoteGlobalIDString = 11021FF11CE68A83003D82FB;
			remoteInfo = BringIt;
		};
		110220141CE68A83003D82FB /* PBXContainerItemProxy */ = {
			isa = PBXContainerItemProxy;
			containerPortal = 11021FEA1CE68A83003D82FB /* Project object */;
			proxyType = 1;
			remoteGlobalIDString = 11021FF11CE68A83003D82FB;
			remoteInfo = BringIt;
		};
/* End PBXContainerItemProxy section */

/* Begin PBXFileReference section */
		11021FF21CE68A83003D82FB /* BringIt.app */ = {isa = PBXFileReference; explicitFileType = wrapper.application; includeInIndex = 0; path = BringIt.app; sourceTree = BUILT_PRODUCTS_DIR; };
		11021FF51CE68A83003D82FB /* AppDelegate.swift */ = {isa = PBXFileReference; lastKnownFileType = sourcecode.swift; path = AppDelegate.swift; sourceTree = "<group>"; };
		11021FF91CE68A83003D82FB /* ScheduleTableViewController.swift */ = {isa = PBXFileReference; lastKnownFileType = sourcecode.swift; path = ScheduleTableViewController.swift; sourceTree = "<group>"; };
		11021FFC1CE68A83003D82FB /* Base */ = {isa = PBXFileReference; lastKnownFileType = file.storyboard; name = Base; path = Base.lproj/Main.storyboard; sourceTree = "<group>"; };
		11021FFE1CE68A83003D82FB /* Assets.xcassets */ = {isa = PBXFileReference; lastKnownFileType = folder.assetcatalog; path = Assets.xcassets; sourceTree = "<group>"; };
		110220011CE68A83003D82FB /* Base */ = {isa = PBXFileReference; lastKnownFileType = file.storyboard; name = Base; path = Base.lproj/LaunchScreen.storyboard; sourceTree = "<group>"; };
		110220031CE68A83003D82FB /* Info.plist */ = {isa = PBXFileReference; lastKnownFileType = text.plist.xml; path = Info.plist; sourceTree = "<group>"; };
		110220081CE68A83003D82FB /* BringItTests.xctest */ = {isa = PBXFileReference; explicitFileType = wrapper.cfbundle; includeInIndex = 0; path = BringItTests.xctest; sourceTree = BUILT_PRODUCTS_DIR; };
		1102200C1CE68A83003D82FB /* BringItTests.swift */ = {isa = PBXFileReference; lastKnownFileType = sourcecode.swift; path = BringItTests.swift; sourceTree = "<group>"; };
		1102200E1CE68A83003D82FB /* Info.plist */ = {isa = PBXFileReference; lastKnownFileType = text.plist.xml; path = Info.plist; sourceTree = "<group>"; };
		110220131CE68A83003D82FB /* BringItUITests.xctest */ = {isa = PBXFileReference; explicitFileType = wrapper.cfbundle; includeInIndex = 0; path = BringItUITests.xctest; sourceTree = BUILT_PRODUCTS_DIR; };
		110220171CE68A83003D82FB /* BringItUITests.swift */ = {isa = PBXFileReference; lastKnownFileType = sourcecode.swift; path = BringItUITests.swift; sourceTree = "<group>"; };
		110220191CE68A83003D82FB /* Info.plist */ = {isa = PBXFileReference; lastKnownFileType = text.plist.xml; path = Info.plist; sourceTree = "<group>"; };
		110220321CE7FC18003D82FB /* WalkthroughViewController.swift */ = {isa = PBXFileReference; fileEncoding = 4; lastKnownFileType = sourcecode.swift; path = WalkthroughViewController.swift; sourceTree = "<group>"; };
		110220341CE83307003D82FB /* PageViewController.swift */ = {isa = PBXFileReference; fileEncoding = 4; lastKnownFileType = sourcecode.swift; path = PageViewController.swift; sourceTree = "<group>"; };
		110220361CE83EB7003D82FB /* SignInViewController.swift */ = {isa = PBXFileReference; fileEncoding = 4; lastKnownFileType = sourcecode.swift; path = SignInViewController.swift; sourceTree = "<group>"; };
		114C9E561CE931BB00C45866 /* SignUpViewController.swift */ = {isa = PBXFileReference; fileEncoding = 4; lastKnownFileType = sourcecode.swift; path = SignUpViewController.swift; sourceTree = "<group>"; };
		115ECC341CEA877B0053E03F /* BringItHomeTableViewController.swift */ = {isa = PBXFileReference; fileEncoding = 4; lastKnownFileType = sourcecode.swift; path = BringItHomeTableViewController.swift; sourceTree = "<group>"; };
		115ECC371CEAA3460053E03F /* TabBarController.swift */ = {isa = PBXFileReference; fileEncoding = 4; lastKnownFileType = sourcecode.swift; path = TabBarController.swift; sourceTree = "<group>"; };
		115ECC391CEAAEBB0053E03F /* BringItHomeTableViewCell.swift */ = {isa = PBXFileReference; fileEncoding = 4; lastKnownFileType = sourcecode.swift; path = BringItHomeTableViewCell.swift; sourceTree = "<group>"; };
		115ECC3D1CEAB72E0053E03F /* RestaurantTableViewController.swift */ = {isa = PBXFileReference; fileEncoding = 4; lastKnownFileType = sourcecode.swift; path = RestaurantTableViewController.swift; sourceTree = "<group>"; };
		115ECC3F1CEABA560053E03F /* MenuTableViewController.swift */ = {isa = PBXFileReference; fileEncoding = 4; lastKnownFileType = sourcecode.swift; path = MenuTableViewController.swift; sourceTree = "<group>"; };
		115ECC421CEABA6F0053E03F /* MenuTableViewCell.swift */ = {isa = PBXFileReference; fileEncoding = 4; lastKnownFileType = sourcecode.swift; path = MenuTableViewCell.swift; sourceTree = "<group>"; };
		1185B9571CF55E1100EBF1CF /* SettingsTableViewController.swift */ = {isa = PBXFileReference; fileEncoding = 4; lastKnownFileType = sourcecode.swift; path = SettingsTableViewController.swift; sourceTree = "<group>"; };
		11F0A08E1CE949710041CE92 /* AddressInfoViewController.swift */ = {isa = PBXFileReference; fileEncoding = 4; lastKnownFileType = sourcecode.swift; path = AddressInfoViewController.swift; sourceTree = "<group>"; };
		11F0A0901CE949830041CE92 /* PaymentInfoViewController.swift */ = {isa = PBXFileReference; fileEncoding = 4; lastKnownFileType = sourcecode.swift; path = PaymentInfoViewController.swift; sourceTree = "<group>"; };
		11F6DE3E1CF693C400662C20 /* AddToOrderViewController.swift */ = {isa = PBXFileReference; fileEncoding = 4; lastKnownFileType = sourcecode.swift; path = AddToOrderViewController.swift; sourceTree = "<group>"; };
		11F6DE401CF6BD8F00662C20 /* AddToOrderTableViewCell.swift */ = {isa = PBXFileReference; fileEncoding = 4; lastKnownFileType = sourcecode.swift; path = AddToOrderTableViewCell.swift; sourceTree = "<group>"; };
		11F6DE431CF6C51600662C20 /* AddToOrderSpecialInstructionsTableViewCell.swift */ = {isa = PBXFileReference; fileEncoding = 4; lastKnownFileType = sourcecode.swift; path = AddToOrderSpecialInstructionsTableViewCell.swift; sourceTree = "<group>"; };
		11F6DE461CF6CF1A00662C20 /* CheckoutViewController.swift */ = {isa = PBXFileReference; fileEncoding = 4; lastKnownFileType = sourcecode.swift; path = CheckoutViewController.swift; sourceTree = "<group>"; };
		11F6DE4C1CF9545F00662C20 /* ServicesTableViewController.swift */ = {isa = PBXFileReference; fileEncoding = 4; lastKnownFileType = sourcecode.swift; path = ServicesTableViewController.swift; sourceTree = "<group>"; };
		11F6DE4E1CF96B5300662C20 /* ServicesTableViewCell.swift */ = {isa = PBXFileReference; fileEncoding = 4; lastKnownFileType = sourcecode.swift; path = ServicesTableViewCell.swift; sourceTree = "<group>"; };
		11F6DE511CFD2F3700662C20 /* CheckoutTableViewCell.swift */ = {isa = PBXFileReference; fileEncoding = 4; lastKnownFileType = sourcecode.swift; path = CheckoutTableViewCell.swift; sourceTree = "<group>"; };
		360769A0669582F28FBB8124 /* Pods-BringItUITests.release.xcconfig */ = {isa = PBXFileReference; includeInIndex = 1; lastKnownFileType = text.xcconfig; name = "Pods-BringItUITests.release.xcconfig"; path = "Pods/Target Support Files/Pods-BringItUITests/Pods-BringItUITests.release.xcconfig"; sourceTree = "<group>"; };
		3CAE4061D58832B07C4589A3 /* Pods_BringIt.framework */ = {isa = PBXFileReference; explicitFileType = wrapper.framework; includeInIndex = 0; path = Pods_BringIt.framework; sourceTree = BUILT_PRODUCTS_DIR; };
		583B75AAA094A14663C6500A /* Pods_BringItUITests.framework */ = {isa = PBXFileReference; explicitFileType = wrapper.framework; includeInIndex = 0; path = Pods_BringItUITests.framework; sourceTree = BUILT_PRODUCTS_DIR; };
		79E26E758EB8418E7DE19F36 /* Pods-BringIt.release.xcconfig */ = {isa = PBXFileReference; includeInIndex = 1; lastKnownFileType = text.xcconfig; name = "Pods-BringIt.release.xcconfig"; path = "Pods/Target Support Files/Pods-BringIt/Pods-BringIt.release.xcconfig"; sourceTree = "<group>"; };
		8150EF7ED512FAD1501DDB27 /* Pods-BringItUITests.debug.xcconfig */ = {isa = PBXFileReference; includeInIndex = 1; lastKnownFileType = text.xcconfig; name = "Pods-BringItUITests.debug.xcconfig"; path = "Pods/Target Support Files/Pods-BringItUITests/Pods-BringItUITests.debug.xcconfig"; sourceTree = "<group>"; };
		A9AF76C7A4789AA81A054551 /* Pods_BringItTests.framework */ = {isa = PBXFileReference; explicitFileType = wrapper.framework; includeInIndex = 0; path = Pods_BringItTests.framework; sourceTree = BUILT_PRODUCTS_DIR; };
		C13D1FFCF918F576DBC4523F /* Pods-BringItTests.release.xcconfig */ = {isa = PBXFileReference; includeInIndex = 1; lastKnownFileType = text.xcconfig; name = "Pods-BringItTests.release.xcconfig"; path = "Pods/Target Support Files/Pods-BringItTests/Pods-BringItTests.release.xcconfig"; sourceTree = "<group>"; };
		C896AAAA9035D27AC9A5D19E /* Pods-BringItTests.debug.xcconfig */ = {isa = PBXFileReference; includeInIndex = 1; lastKnownFileType = text.xcconfig; name = "Pods-BringItTests.debug.xcconfig"; path = "Pods/Target Support Files/Pods-BringItTests/Pods-BringItTests.debug.xcconfig"; sourceTree = "<group>"; };
		DE2BA22A3EE99C6B60B11CD9 /* Pods-BringIt.debug.xcconfig */ = {isa = PBXFileReference; includeInIndex = 1; lastKnownFileType = text.xcconfig; name = "Pods-BringIt.debug.xcconfig"; path = "Pods/Target Support Files/Pods-BringIt/Pods-BringIt.debug.xcconfig"; sourceTree = "<group>"; };
/* End PBXFileReference section */

/* Begin PBXFrameworksBuildPhase section */
		11021FEF1CE68A83003D82FB /* Frameworks */ = {
			isa = PBXFrameworksBuildPhase;
			buildActionMask = 2147483647;
			files = (
				6F83F2C591CB2CD28EFAFF94 /* Pods_BringIt.framework in Frameworks */,
			);
			runOnlyForDeploymentPostprocessing = 0;
		};
		110220051CE68A83003D82FB /* Frameworks */ = {
			isa = PBXFrameworksBuildPhase;
			buildActionMask = 2147483647;
			files = (
				545F366974300B6D9693022C /* Pods_BringItTests.framework in Frameworks */,
			);
			runOnlyForDeploymentPostprocessing = 0;
		};
		110220101CE68A83003D82FB /* Frameworks */ = {
			isa = PBXFrameworksBuildPhase;
			buildActionMask = 2147483647;
			files = (
				2F60BF5113DA47831CD710EA /* Pods_BringItUITests.framework in Frameworks */,
			);
			runOnlyForDeploymentPostprocessing = 0;
		};
/* End PBXFrameworksBuildPhase section */

/* Begin PBXGroup section */
		11021FE91CE68A83003D82FB = {
			isa = PBXGroup;
			children = (
				11021FF41CE68A83003D82FB /* BringIt */,
				1102200B1CE68A83003D82FB /* BringItTests */,
				110220161CE68A83003D82FB /* BringItUITests */,
				11021FF31CE68A83003D82FB /* Products */,
				E50B8B917FC58AD69D0973C4 /* Pods */,
				172FBED42052A1B1057FB38A /* Frameworks */,
			);
			sourceTree = "<group>";
		};
		11021FF31CE68A83003D82FB /* Products */ = {
			isa = PBXGroup;
			children = (
				11021FF21CE68A83003D82FB /* BringIt.app */,
				110220081CE68A83003D82FB /* BringItTests.xctest */,
				110220131CE68A83003D82FB /* BringItUITests.xctest */,
			);
			name = Products;
			sourceTree = "<group>";
		};
		11021FF41CE68A83003D82FB /* BringIt */ = {
			isa = PBXGroup;
			children = (
				11021FF51CE68A83003D82FB /* AppDelegate.swift */,
				1102203A1CE9262D003D82FB /* Walkthrough */,
				11F0A0921CE9499A0041CE92 /* Sign In/Sign Up */,
				115ECC371CEAA3460053E03F /* TabBarController.swift */,
				11F6DE501CF96B5900662C20 /* Services */,
				115ECC3B1CEAB3C40053E03F /* Bring It */,
				115ECC3C1CEAB3CC0053E03F /* Schedule */,
				11F6DE451CF6CF0600662C20 /* Settings */,
				11021FFB1CE68A83003D82FB /* Main.storyboard */,
				110220001CE68A83003D82FB /* LaunchScreen.storyboard */,
				11021FFE1CE68A83003D82FB /* Assets.xcassets */,
				110220031CE68A83003D82FB /* Info.plist */,
			);
			path = BringIt;
			sourceTree = "<group>";
		};
		1102200B1CE68A83003D82FB /* BringItTests */ = {
			isa = PBXGroup;
			children = (
				1102200C1CE68A83003D82FB /* BringItTests.swift */,
				1102200E1CE68A83003D82FB /* Info.plist */,
			);
			path = BringItTests;
			sourceTree = "<group>";
		};
		110220161CE68A83003D82FB /* BringItUITests */ = {
			isa = PBXGroup;
			children = (
				110220171CE68A83003D82FB /* BringItUITests.swift */,
				110220191CE68A83003D82FB /* Info.plist */,
			);
			path = BringItUITests;
			sourceTree = "<group>";
		};
		1102203A1CE9262D003D82FB /* Walkthrough */ = {
			isa = PBXGroup;
			children = (
				110220321CE7FC18003D82FB /* WalkthroughViewController.swift */,
				110220341CE83307003D82FB /* PageViewController.swift */,
			);
			name = Walkthrough;
			sourceTree = "<group>";
		};
		115ECC3B1CEAB3C40053E03F /* Bring It */ = {
			isa = PBXGroup;
			children = (
				115ECC411CEABA5F0053E03F /* Home */,
				1193E72C1CEACDDD00299D8B /* Restaurant */,
				115ECC441CEABA780053E03F /* Menu */,
				11F6DE421CF6BD9C00662C20 /* Add To Order */,
				11F6DE531CFD2F3D00662C20 /* Checkout */,
			);
			name = "Bring It";
			sourceTree = "<group>";
		};
		115ECC3C1CEAB3CC0053E03F /* Schedule */ = {
			isa = PBXGroup;
			children = (
				11021FF91CE68A83003D82FB /* ScheduleTableViewController.swift */,
			);
			name = Schedule;
			sourceTree = "<group>";
		};
		115ECC411CEABA5F0053E03F /* Home */ = {
			isa = PBXGroup;
			children = (
				115ECC341CEA877B0053E03F /* BringItHomeTableViewController.swift */,
				115ECC391CEAAEBB0053E03F /* BringItHomeTableViewCell.swift */,
			);
			name = Home;
			sourceTree = "<group>";
		};
		115ECC441CEABA780053E03F /* Menu */ = {
			isa = PBXGroup;
			children = (
				115ECC3F1CEABA560053E03F /* MenuTableViewController.swift */,
				115ECC421CEABA6F0053E03F /* MenuTableViewCell.swift */,
			);
			name = Menu;
			sourceTree = "<group>";
		};
		1193E72C1CEACDDD00299D8B /* Restaurant */ = {
			isa = PBXGroup;
			children = (
				115ECC3D1CEAB72E0053E03F /* RestaurantTableViewController.swift */,
			);
			name = Restaurant;
			sourceTree = "<group>";
		};
		11F0A0921CE9499A0041CE92 /* Sign In/Sign Up */ = {
			isa = PBXGroup;
			children = (
				110220361CE83EB7003D82FB /* SignInViewController.swift */,
				114C9E561CE931BB00C45866 /* SignUpViewController.swift */,
				11F0A08E1CE949710041CE92 /* AddressInfoViewController.swift */,
				11F0A0901CE949830041CE92 /* PaymentInfoViewController.swift */,
			);
			name = "Sign In/Sign Up";
			sourceTree = "<group>";
		};
		11F6DE421CF6BD9C00662C20 /* Add To Order */ = {
			isa = PBXGroup;
			children = (
				11F6DE3E1CF693C400662C20 /* AddToOrderViewController.swift */,
				11F6DE401CF6BD8F00662C20 /* AddToOrderTableViewCell.swift */,
				11F6DE431CF6C51600662C20 /* AddToOrderSpecialInstructionsTableViewCell.swift */,
			);
			name = "Add To Order";
			sourceTree = "<group>";
		};
		11F6DE451CF6CF0600662C20 /* Settings */ = {
			isa = PBXGroup;
			children = (
				1185B9571CF55E1100EBF1CF /* SettingsTableViewController.swift */,
			);
			name = Settings;
			sourceTree = "<group>";
		};
		11F6DE501CF96B5900662C20 /* Services */ = {
			isa = PBXGroup;
			children = (
				11F6DE4C1CF9545F00662C20 /* ServicesTableViewController.swift */,
				11F6DE4E1CF96B5300662C20 /* ServicesTableViewCell.swift */,
			);
			name = Services;
			sourceTree = "<group>";
		};
		11F6DE531CFD2F3D00662C20 /* Checkout */ = {
			isa = PBXGroup;
			children = (
				11F6DE461CF6CF1A00662C20 /* CheckoutViewController.swift */,
				11F6DE511CFD2F3700662C20 /* CheckoutTableViewCell.swift */,
			);
			name = Checkout;
			sourceTree = "<group>";
		};
		172FBED42052A1B1057FB38A /* Frameworks */ = {
			isa = PBXGroup;
			children = (
				3CAE4061D58832B07C4589A3 /* Pods_BringIt.framework */,
				A9AF76C7A4789AA81A054551 /* Pods_BringItTests.framework */,
				583B75AAA094A14663C6500A /* Pods_BringItUITests.framework */,
			);
			name = Frameworks;
			sourceTree = "<group>";
		};
		E50B8B917FC58AD69D0973C4 /* Pods */ = {
			isa = PBXGroup;
			children = (
				DE2BA22A3EE99C6B60B11CD9 /* Pods-BringIt.debug.xcconfig */,
				79E26E758EB8418E7DE19F36 /* Pods-BringIt.release.xcconfig */,
				C896AAAA9035D27AC9A5D19E /* Pods-BringItTests.debug.xcconfig */,
				C13D1FFCF918F576DBC4523F /* Pods-BringItTests.release.xcconfig */,
				8150EF7ED512FAD1501DDB27 /* Pods-BringItUITests.debug.xcconfig */,
				360769A0669582F28FBB8124 /* Pods-BringItUITests.release.xcconfig */,
			);
			name = Pods;
			sourceTree = "<group>";
		};
/* End PBXGroup section */

/* Begin PBXNativeTarget section */
		11021FF11CE68A83003D82FB /* BringIt */ = {
			isa = PBXNativeTarget;
			buildConfigurationList = 1102201C1CE68A83003D82FB /* Build configuration list for PBXNativeTarget "BringIt" */;
			buildPhases = (
				8AFE1A02F96558E3B337DAD7 /* 📦 Check Pods Manifest.lock */,
				11021FEE1CE68A83003D82FB /* Sources */,
				11021FEF1CE68A83003D82FB /* Frameworks */,
				11021FF01CE68A83003D82FB /* Resources */,
				B718A82B7254511D102664DF /* 📦 Embed Pods Frameworks */,
				E243B62F19348DD74F38A5D2 /* 📦 Copy Pods Resources */,
			);
			buildRules = (
			);
			dependencies = (
			);
			name = BringIt;
			productName = BringIt;
			productReference = 11021FF21CE68A83003D82FB /* BringIt.app */;
			productType = "com.apple.product-type.application";
		};
		110220071CE68A83003D82FB /* BringItTests */ = {
			isa = PBXNativeTarget;
			buildConfigurationList = 1102201F1CE68A83003D82FB /* Build configuration list for PBXNativeTarget "BringItTests" */;
			buildPhases = (
				650176CBFE8A86089C22DE88 /* 📦 Check Pods Manifest.lock */,
				110220041CE68A83003D82FB /* Sources */,
				110220051CE68A83003D82FB /* Frameworks */,
				110220061CE68A83003D82FB /* Resources */,
				0045021002990CB18D224269 /* 📦 Embed Pods Frameworks */,
				6C8491E23EBF050DC80F0B70 /* 📦 Copy Pods Resources */,
			);
			buildRules = (
			);
			dependencies = (
				1102200A1CE68A83003D82FB /* PBXTargetDependency */,
			);
			name = BringItTests;
			productName = BringItTests;
			productReference = 110220081CE68A83003D82FB /* BringItTests.xctest */;
			productType = "com.apple.product-type.bundle.unit-test";
		};
		110220121CE68A83003D82FB /* BringItUITests */ = {
			isa = PBXNativeTarget;
			buildConfigurationList = 110220221CE68A83003D82FB /* Build configuration list for PBXNativeTarget "BringItUITests" */;
			buildPhases = (
				7D8FCC92878615CA9FAD458D /* 📦 Check Pods Manifest.lock */,
				1102200F1CE68A83003D82FB /* Sources */,
				110220101CE68A83003D82FB /* Frameworks */,
				110220111CE68A83003D82FB /* Resources */,
				49E4ED84F97608E3B3DB38AD /* 📦 Copy Pods Resources */,
			);
			buildRules = (
			);
			dependencies = (
				110220151CE68A83003D82FB /* PBXTargetDependency */,
			);
			name = BringItUITests;
			productName = BringItUITests;
			productReference = 110220131CE68A83003D82FB /* BringItUITests.xctest */;
			productType = "com.apple.product-type.bundle.ui-testing";
		};
/* End PBXNativeTarget section */

/* Begin PBXProject section */
		11021FEA1CE68A83003D82FB /* Project object */ = {
			isa = PBXProject;
			attributes = {
				LastSwiftUpdateCheck = 0730;
				LastUpgradeCheck = 0730;
				ORGANIZATIONNAME = "Campus Enterprises";
				TargetAttributes = {
					11021FF11CE68A83003D82FB = {
						CreatedOnToolsVersion = 7.3;
					};
					110220071CE68A83003D82FB = {
						CreatedOnToolsVersion = 7.3;
						TestTargetID = 11021FF11CE68A83003D82FB;
					};
					110220121CE68A83003D82FB = {
						CreatedOnToolsVersion = 7.3;
						TestTargetID = 11021FF11CE68A83003D82FB;
					};
				};
			};
			buildConfigurationList = 11021FED1CE68A83003D82FB /* Build configuration list for PBXProject "BringIt" */;
			compatibilityVersion = "Xcode 3.2";
			developmentRegion = English;
			hasScannedForEncodings = 0;
			knownRegions = (
				en,
				Base,
			);
			mainGroup = 11021FE91CE68A83003D82FB;
			productRefGroup = 11021FF31CE68A83003D82FB /* Products */;
			projectDirPath = "";
			projectRoot = "";
			targets = (
				11021FF11CE68A83003D82FB /* BringIt */,
				110220071CE68A83003D82FB /* BringItTests */,
				110220121CE68A83003D82FB /* BringItUITests */,
			);
		};
/* End PBXProject section */

/* Begin PBXResourcesBuildPhase section */
		11021FF01CE68A83003D82FB /* Resources */ = {
			isa = PBXResourcesBuildPhase;
			buildActionMask = 2147483647;
			files = (
				110220021CE68A83003D82FB /* LaunchScreen.storyboard in Resources */,
				11021FFF1CE68A83003D82FB /* Assets.xcassets in Resources */,
				11021FFD1CE68A83003D82FB /* Main.storyboard in Resources */,
			);
			runOnlyForDeploymentPostprocessing = 0;
		};
		110220061CE68A83003D82FB /* Resources */ = {
			isa = PBXResourcesBuildPhase;
			buildActionMask = 2147483647;
			files = (
			);
			runOnlyForDeploymentPostprocessing = 0;
		};
		110220111CE68A83003D82FB /* Resources */ = {
			isa = PBXResourcesBuildPhase;
			buildActionMask = 2147483647;
			files = (
			);
			runOnlyForDeploymentPostprocessing = 0;
		};
/* End PBXResourcesBuildPhase section */

/* Begin PBXShellScriptBuildPhase section */
		0045021002990CB18D224269 /* 📦 Embed Pods Frameworks */ = {
			isa = PBXShellScriptBuildPhase;
			buildActionMask = 2147483647;
			files = (
			);
			inputPaths = (
			);
			name = "📦 Embed Pods Frameworks";
			outputPaths = (
			);
			runOnlyForDeploymentPostprocessing = 0;
			shellPath = /bin/sh;
			shellScript = "\"${SRCROOT}/Pods/Target Support Files/Pods-BringItTests/Pods-BringItTests-frameworks.sh\"\n";
			showEnvVarsInLog = 0;
		};
		49E4ED84F97608E3B3DB38AD /* 📦 Copy Pods Resources */ = {
			isa = PBXShellScriptBuildPhase;
			buildActionMask = 2147483647;
			files = (
			);
			inputPaths = (
			);
			name = "📦 Copy Pods Resources";
			outputPaths = (
			);
			runOnlyForDeploymentPostprocessing = 0;
			shellPath = /bin/sh;
			shellScript = "\"${SRCROOT}/Pods/Target Support Files/Pods-BringItUITests/Pods-BringItUITests-resources.sh\"\n";
			showEnvVarsInLog = 0;
		};
		650176CBFE8A86089C22DE88 /* 📦 Check Pods Manifest.lock */ = {
			isa = PBXShellScriptBuildPhase;
			buildActionMask = 2147483647;
			files = (
			);
			inputPaths = (
			);
			name = "📦 Check Pods Manifest.lock";
			outputPaths = (
			);
			runOnlyForDeploymentPostprocessing = 0;
			shellPath = /bin/sh;
			shellScript = "diff \"${PODS_ROOT}/../Podfile.lock\" \"${PODS_ROOT}/Manifest.lock\" > /dev/null\nif [[ $? != 0 ]] ; then\n    cat << EOM\nerror: The sandbox is not in sync with the Podfile.lock. Run 'pod install' or update your CocoaPods installation.\nEOM\n    exit 1\nfi\n";
			showEnvVarsInLog = 0;
		};
		6C8491E23EBF050DC80F0B70 /* 📦 Copy Pods Resources */ = {
			isa = PBXShellScriptBuildPhase;
			buildActionMask = 2147483647;
			files = (
			);
			inputPaths = (
			);
			name = "📦 Copy Pods Resources";
			outputPaths = (
			);
			runOnlyForDeploymentPostprocessing = 0;
			shellPath = /bin/sh;
			shellScript = "\"${SRCROOT}/Pods/Target Support Files/Pods-BringItTests/Pods-BringItTests-resources.sh\"\n";
			showEnvVarsInLog = 0;
		};
		7D8FCC92878615CA9FAD458D /* 📦 Check Pods Manifest.lock */ = {
			isa = PBXShellScriptBuildPhase;
			buildActionMask = 2147483647;
			files = (
			);
			inputPaths = (
			);
			name = "📦 Check Pods Manifest.lock";
			outputPaths = (
			);
			runOnlyForDeploymentPostprocessing = 0;
			shellPath = /bin/sh;
			shellScript = "diff \"${PODS_ROOT}/../Podfile.lock\" \"${PODS_ROOT}/Manifest.lock\" > /dev/null\nif [[ $? != 0 ]] ; then\n    cat << EOM\nerror: The sandbox is not in sync with the Podfile.lock. Run 'pod install' or update your CocoaPods installation.\nEOM\n    exit 1\nfi\n";
			showEnvVarsInLog = 0;
		};
		8AFE1A02F96558E3B337DAD7 /* 📦 Check Pods Manifest.lock */ = {
			isa = PBXShellScriptBuildPhase;
			buildActionMask = 2147483647;
			files = (
			);
			inputPaths = (
			);
			name = "📦 Check Pods Manifest.lock";
			outputPaths = (
			);
			runOnlyForDeploymentPostprocessing = 0;
			shellPath = /bin/sh;
			shellScript = "diff \"${PODS_ROOT}/../Podfile.lock\" \"${PODS_ROOT}/Manifest.lock\" > /dev/null\nif [[ $? != 0 ]] ; then\n    cat << EOM\nerror: The sandbox is not in sync with the Podfile.lock. Run 'pod install' or update your CocoaPods installation.\nEOM\n    exit 1\nfi\n";
			showEnvVarsInLog = 0;
		};
		B718A82B7254511D102664DF /* 📦 Embed Pods Frameworks */ = {
			isa = PBXShellScriptBuildPhase;
			buildActionMask = 2147483647;
			files = (
			);
			inputPaths = (
			);
			name = "📦 Embed Pods Frameworks";
			outputPaths = (
			);
			runOnlyForDeploymentPostprocessing = 0;
			shellPath = /bin/sh;
			shellScript = "\"${SRCROOT}/Pods/Target Support Files/Pods-BringIt/Pods-BringIt-frameworks.sh\"\n";
			showEnvVarsInLog = 0;
		};
		E243B62F19348DD74F38A5D2 /* 📦 Copy Pods Resources */ = {
			isa = PBXShellScriptBuildPhase;
			buildActionMask = 2147483647;
			files = (
			);
			inputPaths = (
			);
			name = "📦 Copy Pods Resources";
			outputPaths = (
			);
			runOnlyForDeploymentPostprocessing = 0;
			shellPath = /bin/sh;
			shellScript = "\"${SRCROOT}/Pods/Target Support Files/Pods-BringIt/Pods-BringIt-resources.sh\"\n";
			showEnvVarsInLog = 0;
		};
/* End PBXShellScriptBuildPhase section */

/* Begin PBXSourcesBuildPhase section */
		11021FEE1CE68A83003D82FB /* Sources */ = {
			isa = PBXSourcesBuildPhase;
			buildActionMask = 2147483647;
			files = (
				115ECC381CEAA3460053E03F /* TabBarController.swift in Sources */,
				11F6DE4F1CF96B5300662C20 /* ServicesTableViewCell.swift in Sources */,
				110220371CE83EB7003D82FB /* SignInViewController.swift in Sources */,
				115ECC431CEABA6F0053E03F /* MenuTableViewCell.swift in Sources */,
				115ECC401CEABA560053E03F /* MenuTableViewController.swift in Sources */,
				11F6DE441CF6C51600662C20 /* AddToOrderSpecialInstructionsTableViewCell.swift in Sources */,
				115ECC3E1CEAB72E0053E03F /* RestaurantTableViewController.swift in Sources */,
				11F6DE3F1CF693C400662C20 /* AddToOrderViewController.swift in Sources */,
				11F6DE411CF6BD8F00662C20 /* AddToOrderTableViewCell.swift in Sources */,
				114C9E571CE931BB00C45866 /* SignUpViewController.swift in Sources */,
				11F6DE4D1CF9545F00662C20 /* ServicesTableViewController.swift in Sources */,
				115ECC351CEA877B0053E03F /* BringItHomeTableViewController.swift in Sources */,
				11021FFA1CE68A83003D82FB /* ScheduleTableViewController.swift in Sources */,
				115ECC3A1CEAAEBB0053E03F /* BringItHomeTableViewCell.swift in Sources */,
				11F0A08F1CE949710041CE92 /* AddressInfoViewController.swift in Sources */,
				11021FF61CE68A83003D82FB /* AppDelegate.swift in Sources */,
				1185B9581CF55E1100EBF1CF /* SettingsTableViewController.swift in Sources */,
				11F0A0911CE949830041CE92 /* PaymentInfoViewController.swift in Sources */,
				110220351CE83307003D82FB /* PageViewController.swift in Sources */,
				11F6DE471CF6CF1A00662C20 /* CheckoutViewController.swift in Sources */,
				110220331CE7FC18003D82FB /* WalkthroughViewController.swift in Sources */,
				11F6DE521CFD2F3700662C20 /* CheckoutTableViewCell.swift in Sources */,
			);
			runOnlyForDeploymentPostprocessing = 0;
		};
		110220041CE68A83003D82FB /* Sources */ = {
			isa = PBXSourcesBuildPhase;
			buildActionMask = 2147483647;
			files = (
				1102200D1CE68A83003D82FB /* BringItTests.swift in Sources */,
			);
			runOnlyForDeploymentPostprocessing = 0;
		};
		1102200F1CE68A83003D82FB /* Sources */ = {
			isa = PBXSourcesBuildPhase;
			buildActionMask = 2147483647;
			files = (
				110220181CE68A83003D82FB /* BringItUITests.swift in Sources */,
			);
			runOnlyForDeploymentPostprocessing = 0;
		};
/* End PBXSourcesBuildPhase section */

/* Begin PBXTargetDependency section */
		1102200A1CE68A83003D82FB /* PBXTargetDependency */ = {
			isa = PBXTargetDependency;
			target = 11021FF11CE68A83003D82FB /* BringIt */;
			targetProxy = 110220091CE68A83003D82FB /* PBXContainerItemProxy */;
		};
		110220151CE68A83003D82FB /* PBXTargetDependency */ = {
			isa = PBXTargetDependency;
			target = 11021FF11CE68A83003D82FB /* BringIt */;
			targetProxy = 110220141CE68A83003D82FB /* PBXContainerItemProxy */;
		};
/* End PBXTargetDependency section */

/* Begin PBXVariantGroup section */
		11021FFB1CE68A83003D82FB /* Main.storyboard */ = {
			isa = PBXVariantGroup;
			children = (
				11021FFC1CE68A83003D82FB /* Base */,
			);
			name = Main.storyboard;
			sourceTree = "<group>";
		};
		110220001CE68A83003D82FB /* LaunchScreen.storyboard */ = {
			isa = PBXVariantGroup;
			children = (
				110220011CE68A83003D82FB /* Base */,
			);
			name = LaunchScreen.storyboard;
			sourceTree = "<group>";
		};
/* End PBXVariantGroup section */

/* Begin XCBuildConfiguration section */
		1102201A1CE68A83003D82FB /* Debug */ = {
			isa = XCBuildConfiguration;
			buildSettings = {
				ALWAYS_SEARCH_USER_PATHS = NO;
				CLANG_ANALYZER_NONNULL = YES;
				CLANG_CXX_LANGUAGE_STANDARD = "gnu++0x";
				CLANG_CXX_LIBRARY = "libc++";
				CLANG_ENABLE_MODULES = YES;
				CLANG_ENABLE_OBJC_ARC = YES;
				CLANG_WARN_BOOL_CONVERSION = YES;
				CLANG_WARN_CONSTANT_CONVERSION = YES;
				CLANG_WARN_DIRECT_OBJC_ISA_USAGE = YES_ERROR;
				CLANG_WARN_EMPTY_BODY = YES;
				CLANG_WARN_ENUM_CONVERSION = YES;
				CLANG_WARN_INT_CONVERSION = YES;
				CLANG_WARN_OBJC_ROOT_CLASS = YES_ERROR;
				CLANG_WARN_UNREACHABLE_CODE = YES;
				CLANG_WARN__DUPLICATE_METHOD_MATCH = YES;
				"CODE_SIGN_IDENTITY[sdk=iphoneos*]" = "iPhone Developer";
				COPY_PHASE_STRIP = NO;
				DEBUG_INFORMATION_FORMAT = dwarf;
				ENABLE_STRICT_OBJC_MSGSEND = YES;
				ENABLE_TESTABILITY = YES;
				GCC_C_LANGUAGE_STANDARD = gnu99;
				GCC_DYNAMIC_NO_PIC = NO;
				GCC_NO_COMMON_BLOCKS = YES;
				GCC_OPTIMIZATION_LEVEL = 0;
				GCC_PREPROCESSOR_DEFINITIONS = (
					"DEBUG=1",
					"$(inherited)",
				);
				GCC_WARN_64_TO_32_BIT_CONVERSION = YES;
				GCC_WARN_ABOUT_RETURN_TYPE = YES_ERROR;
				GCC_WARN_UNDECLARED_SELECTOR = YES;
				GCC_WARN_UNINITIALIZED_AUTOS = YES_AGGRESSIVE;
				GCC_WARN_UNUSED_FUNCTION = YES;
				GCC_WARN_UNUSED_VARIABLE = YES;
				IPHONEOS_DEPLOYMENT_TARGET = 9.3;
				MTL_ENABLE_DEBUG_INFO = YES;
				ONLY_ACTIVE_ARCH = YES;
				SDKROOT = iphoneos;
				SWIFT_OPTIMIZATION_LEVEL = "-Onone";
			};
			name = Debug;
		};
		1102201B1CE68A83003D82FB /* Release */ = {
			isa = XCBuildConfiguration;
			buildSettings = {
				ALWAYS_SEARCH_USER_PATHS = NO;
				CLANG_ANALYZER_NONNULL = YES;
				CLANG_CXX_LANGUAGE_STANDARD = "gnu++0x";
				CLANG_CXX_LIBRARY = "libc++";
				CLANG_ENABLE_MODULES = YES;
				CLANG_ENABLE_OBJC_ARC = YES;
				CLANG_WARN_BOOL_CONVERSION = YES;
				CLANG_WARN_CONSTANT_CONVERSION = YES;
				CLANG_WARN_DIRECT_OBJC_ISA_USAGE = YES_ERROR;
				CLANG_WARN_EMPTY_BODY = YES;
				CLANG_WARN_ENUM_CONVERSION = YES;
				CLANG_WARN_INT_CONVERSION = YES;
				CLANG_WARN_OBJC_ROOT_CLASS = YES_ERROR;
				CLANG_WARN_UNREACHABLE_CODE = YES;
				CLANG_WARN__DUPLICATE_METHOD_MATCH = YES;
				"CODE_SIGN_IDENTITY[sdk=iphoneos*]" = "iPhone Developer";
				COPY_PHASE_STRIP = NO;
				DEBUG_INFORMATION_FORMAT = "dwarf-with-dsym";
				ENABLE_NS_ASSERTIONS = NO;
				ENABLE_STRICT_OBJC_MSGSEND = YES;
				GCC_C_LANGUAGE_STANDARD = gnu99;
				GCC_NO_COMMON_BLOCKS = YES;
				GCC_WARN_64_TO_32_BIT_CONVERSION = YES;
				GCC_WARN_ABOUT_RETURN_TYPE = YES_ERROR;
				GCC_WARN_UNDECLARED_SELECTOR = YES;
				GCC_WARN_UNINITIALIZED_AUTOS = YES_AGGRESSIVE;
				GCC_WARN_UNUSED_FUNCTION = YES;
				GCC_WARN_UNUSED_VARIABLE = YES;
				IPHONEOS_DEPLOYMENT_TARGET = 9.3;
				MTL_ENABLE_DEBUG_INFO = NO;
				SDKROOT = iphoneos;
				VALIDATE_PRODUCT = YES;
			};
			name = Release;
		};
		1102201D1CE68A83003D82FB /* Debug */ = {
			isa = XCBuildConfiguration;
			baseConfigurationReference = DE2BA22A3EE99C6B60B11CD9 /* Pods-BringIt.debug.xcconfig */;
			buildSettings = {
				ASSETCATALOG_COMPILER_APPICON_NAME = AppIcon;
				INFOPLIST_FILE = BringIt/Info.plist;
				LD_RUNPATH_SEARCH_PATHS = "$(inherited) @executable_path/Frameworks";
				PRODUCT_BUNDLE_IDENTIFIER = alexgerrese.BringIt;
				PRODUCT_NAME = "$(TARGET_NAME)";
			};
			name = Debug;
		};
		1102201E1CE68A83003D82FB /* Release */ = {
			isa = XCBuildConfiguration;
			baseConfigurationReference = 79E26E758EB8418E7DE19F36 /* Pods-BringIt.release.xcconfig */;
			buildSettings = {
				ASSETCATALOG_COMPILER_APPICON_NAME = AppIcon;
				INFOPLIST_FILE = BringIt/Info.plist;
				LD_RUNPATH_SEARCH_PATHS = "$(inherited) @executable_path/Frameworks";
				PRODUCT_BUNDLE_IDENTIFIER = alexgerrese.BringIt;
				PRODUCT_NAME = "$(TARGET_NAME)";
			};
			name = Release;
		};
		110220201CE68A83003D82FB /* Debug */ = {
			isa = XCBuildConfiguration;
			baseConfigurationReference = C896AAAA9035D27AC9A5D19E /* Pods-BringItTests.debug.xcconfig */;
			buildSettings = {
				BUNDLE_LOADER = "$(TEST_HOST)";
				INFOPLIST_FILE = BringItTests/Info.plist;
				LD_RUNPATH_SEARCH_PATHS = "$(inherited) @executable_path/Frameworks @loader_path/Frameworks";
				PRODUCT_BUNDLE_IDENTIFIER = alexgerrese.BringItTests;
				PRODUCT_NAME = "$(TARGET_NAME)";
				TEST_HOST = "$(BUILT_PRODUCTS_DIR)/BringIt.app/BringIt";
			};
			name = Debug;
		};
		110220211CE68A83003D82FB /* Release */ = {
			isa = XCBuildConfiguration;
			baseConfigurationReference = C13D1FFCF918F576DBC4523F /* Pods-BringItTests.release.xcconfig */;
			buildSettings = {
				BUNDLE_LOADER = "$(TEST_HOST)";
				INFOPLIST_FILE = BringItTests/Info.plist;
				LD_RUNPATH_SEARCH_PATHS = "$(inherited) @executable_path/Frameworks @loader_path/Frameworks";
				PRODUCT_BUNDLE_IDENTIFIER = alexgerrese.BringItTests;
				PRODUCT_NAME = "$(TARGET_NAME)";
				TEST_HOST = "$(BUILT_PRODUCTS_DIR)/BringIt.app/BringIt";
			};
			name = Release;
		};
		110220231CE68A83003D82FB /* Debug */ = {
			isa = XCBuildConfiguration;
			baseConfigurationReference = 8150EF7ED512FAD1501DDB27 /* Pods-BringItUITests.debug.xcconfig */;
			buildSettings = {
				INFOPLIST_FILE = BringItUITests/Info.plist;
				LD_RUNPATH_SEARCH_PATHS = "$(inherited) @executable_path/Frameworks @loader_path/Frameworks";
				PRODUCT_BUNDLE_IDENTIFIER = alexgerrese.BringItUITests;
				PRODUCT_NAME = "$(TARGET_NAME)";
				TEST_TARGET_NAME = BringIt;
			};
			name = Debug;
		};
		110220241CE68A83003D82FB /* Release */ = {
			isa = XCBuildConfiguration;
			baseConfigurationReference = 360769A0669582F28FBB8124 /* Pods-BringItUITests.release.xcconfig */;
			buildSettings = {
				INFOPLIST_FILE = BringItUITests/Info.plist;
				LD_RUNPATH_SEARCH_PATHS = "$(inherited) @executable_path/Frameworks @loader_path/Frameworks";
				PRODUCT_BUNDLE_IDENTIFIER = alexgerrese.BringItUITests;
				PRODUCT_NAME = "$(TARGET_NAME)";
				TEST_TARGET_NAME = BringIt;
			};
			name = Release;
		};
/* End XCBuildConfiguration section */

/* Begin XCConfigurationList section */
		11021FED1CE68A83003D82FB /* Build configuration list for PBXProject "BringIt" */ = {
			isa = XCConfigurationList;
			buildConfigurations = (
				1102201A1CE68A83003D82FB /* Debug */,
				1102201B1CE68A83003D82FB /* Release */,
			);
			defaultConfigurationIsVisible = 0;
			defaultConfigurationName = Release;
		};
		1102201C1CE68A83003D82FB /* Build configuration list for PBXNativeTarget "BringIt" */ = {
			isa = XCConfigurationList;
			buildConfigurations = (
				1102201D1CE68A83003D82FB /* Debug */,
				1102201E1CE68A83003D82FB /* Release */,
			);
			defaultConfigurationIsVisible = 0;
			defaultConfigurationName = Release;
		};
		1102201F1CE68A83003D82FB /* Build configuration list for PBXNativeTarget "BringItTests" */ = {
			isa = XCConfigurationList;
			buildConfigurations = (
				110220201CE68A83003D82FB /* Debug */,
				110220211CE68A83003D82FB /* Release */,
			);
			defaultConfigurationIsVisible = 0;
			defaultConfigurationName = Release;
		};
		110220221CE68A83003D82FB /* Build configuration list for PBXNativeTarget "BringItUITests" */ = {
			isa = XCConfigurationList;
			buildConfigurations = (
				110220231CE68A83003D82FB /* Debug */,
				110220241CE68A83003D82FB /* Release */,
			);
			defaultConfigurationIsVisible = 0;
			defaultConfigurationName = Release;
		};
/* End XCConfigurationList section */
	};
	rootObject = 11021FEA1CE68A83003D82FB /* Project object */;
}
